// !$*UTF8*$!
{
	archiveVersion = 1;
	classes = {
	};
	objectVersion = 46;
	objects = {

/* Begin PBXBuildFile section */
		1B1AEA4F1C59DA0B00B7510C /* AppDelegate.swift in Sources */ = {isa = PBXBuildFile; fileRef = 1B1AEA4E1C59DA0B00B7510C /* AppDelegate.swift */; };
		1B1AEA511C59DA0B00B7510C /* ViewController.swift in Sources */ = {isa = PBXBuildFile; fileRef = 1B1AEA501C59DA0B00B7510C /* ViewController.swift */; };
		1B1AEA541C59DA0B00B7510C /* Main.storyboard in Resources */ = {isa = PBXBuildFile; fileRef = 1B1AEA521C59DA0B00B7510C /* Main.storyboard */; };
		1B1AEA561C59DA0B00B7510C /* Assets.xcassets in Resources */ = {isa = PBXBuildFile; fileRef = 1B1AEA551C59DA0B00B7510C /* Assets.xcassets */; };
		1B1AEA591C59DA0B00B7510C /* LaunchScreen.storyboard in Resources */ = {isa = PBXBuildFile; fileRef = 1B1AEA571C59DA0B00B7510C /* LaunchScreen.storyboard */; };
		1B1AEA641C59DA0C00B7510C /* sampleTextViewTests.swift in Sources */ = {isa = PBXBuildFile; fileRef = 1B1AEA631C59DA0C00B7510C /* sampleTextViewTests.swift */; };
		1B1AEA6F1C59DA0C00B7510C /* sampleTextViewUITests.swift in Sources */ = {isa = PBXBuildFile; fileRef = 1B1AEA6E1C59DA0C00B7510C /* sampleTextViewUITests.swift */; };
/* End PBXBuildFile section */

/* Begin PBXContainerItemProxy section */
		1B1AEA601C59DA0C00B7510C /* PBXContainerItemProxy */ = {
			isa = PBXContainerItemProxy;
			containerPortal = 1B1AEA431C59DA0B00B7510C /* Project object */;
			proxyType = 1;
			remoteGlobalIDString = 1B1AEA4A1C59DA0B00B7510C;
			remoteInfo = sampleTextView;
		};
		1B1AEA6B1C59DA0C00B7510C /* PBXContainerItemProxy */ = {
			isa = PBXContainerItemProxy;
			containerPortal = 1B1AEA431C59DA0B00B7510C /* Project object */;
			proxyType = 1;
			remoteGlobalIDString = 1B1AEA4A1C59DA0B00B7510C;
			remoteInfo = sampleTextView;
		};
/* End PBXContainerItemProxy section */

/* Begin PBXFileReference section */
		1B1AEA4B1C59DA0B00B7510C /* sampleTextView.app */ = {isa = PBXFileReference; explicitFileType = wrapper.application; includeInIndex = 0; path = sampleTextView.app; sourceTree = BUILT_PRODUCTS_DIR; };
		1B1AEA4E1C59DA0B00B7510C /* AppDelegate.swift */ = {isa = PBXFileReference; lastKnownFileType = sourcecode.swift; path = AppDelegate.swift; sourceTree = "<group>"; };
		1B1AEA501C59DA0B00B7510C /* ViewController.swift */ = {isa = PBXFileReference; lastKnownFileType = sourcecode.swift; path = ViewController.swift; sourceTree = "<group>"; };
		1B1AEA531C59DA0B00B7510C /* Base */ = {isa = PBXFileReference; lastKnownFileType = file.storyboard; name = Base; path = Base.lproj/Main.storyboard; sourceTree = "<group>"; };
		1B1AEA551C59DA0B00B7510C /* Assets.xcassets */ = {isa = PBXFileReference; lastKnownFileType = folder.assetcatalog; path = Assets.xcassets; sourceTree = "<group>"; };
		1B1AEA581C59DA0B00B7510C /* Base */ = {isa = PBXFileReference; lastKnownFileType = file.storyboard; name = Base; path = Base.lproj/LaunchScreen.storyboard; sourceTree = "<group>"; };
		1B1AEA5A1C59DA0B00B7510C /* Info.plist */ = {isa = PBXFileReference; lastKnownFileType = text.plist.xml; path = Info.plist; sourceTree = "<group>"; };
		1B1AEA5F1C59DA0B00B7510C /* sampleTextViewTests.xctest */ = {isa = PBXFileReference; explicitFileType = wrapper.cfbundle; includeInIndex = 0; path = sampleTextViewTests.xctest; sourceTree = BUILT_PRODUCTS_DIR; };
		1B1AEA631C59DA0C00B7510C /* sampleTextViewTests.swift */ = {isa = PBXFileReference; lastKnownFileType = sourcecode.swift; path = sampleTextViewTests.swift; sourceTree = "<group>"; };
		1B1AEA651C59DA0C00B7510C /* Info.plist */ = {isa = PBXFileReference; lastKnownFileType = text.plist.xml; path = Info.plist; sourceTree = "<group>"; };
		1B1AEA6A1C59DA0C00B7510C /* sampleTextViewUITests.xctest */ = {isa = PBXFileReference; explicitFileType = wrapper.cfbundle; includeInIndex = 0; path = sampleTextViewUITests.xctest; sourceTree = BUILT_PRODUCTS_DIR; };
		1B1AEA6E1C59DA0C00B7510C /* sampleTextViewUITests.swift */ = {isa = PBXFileReference; lastKnownFileType = sourcecode.swift; path = sampleTextViewUITests.swift; sourceTree = "<group>"; };
		1B1AEA701C59DA0C00B7510C /* Info.plist */ = {isa = PBXFileReference; lastKnownFileType = text.plist.xml; path = Info.plist; sourceTree = "<group>"; };
/* End PBXFileReference section */

/* Begin PBXFrameworksBuildPhase section */
		1B1AEA481C59DA0B00B7510C /* Frameworks */ = {
			isa = PBXFrameworksBuildPhase;
			buildActionMask = 2147483647;
			files = (
			);
			runOnlyForDeploymentPostprocessing = 0;
		};
		1B1AEA5C1C59DA0B00B7510C /* Frameworks */ = {
			isa = PBXFrameworksBuildPhase;
			buildActionMask = 2147483647;
			files = (
			);
			runOnlyForDeploymentPostprocessing = 0;
		};
		1B1AEA671C59DA0C00B7510C /* Frameworks */ = {
			isa = PBXFrameworksBuildPhase;
			buildActionMask = 2147483647;
			files = (
			);
			runOnlyForDeploymentPostprocessing = 0;
		};
/* End PBXFrameworksBuildPhase section */

/* Begin PBXGroup section */
		1B1AEA421C59DA0B00B7510C = {
			isa = PBXGroup;
			children = (
				1B1AEA4D1C59DA0B00B7510C /* sampleTextView */,
				1B1AEA621C59DA0C00B7510C /* sampleTextViewTests */,
				1B1AEA6D1C59DA0C00B7510C /* sampleTextViewUITests */,
				1B1AEA4C1C59DA0B00B7510C /* Products */,
			);
			sourceTree = "<group>";
		};
		1B1AEA4C1C59DA0B00B7510C /* Products */ = {
			isa = PBXGroup;
			children = (
				1B1AEA4B1C59DA0B00B7510C /* sampleTextView.app */,
				1B1AEA5F1C59DA0B00B7510C /* sampleTextViewTests.xctest */,
				1B1AEA6A1C59DA0C00B7510C /* sampleTextViewUITests.xctest */,
			);
			name = Products;
			sourceTree = "<group>";
		};
		1B1AEA4D1C59DA0B00B7510C /* sampleTextView */ = {
			isa = PBXGroup;
			children = (
				1B1AEA4E1C59DA0B00B7510C /* AppDelegate.swift */,
				1B1AEA501C59DA0B00B7510C /* ViewController.swift */,
				1B1AEA521C59DA0B00B7510C /* Main.storyboard */,
				1B1AEA551C59DA0B00B7510C /* Assets.xcassets */,
				1B1AEA571C59DA0B00B7510C /* LaunchScreen.storyboard */,
				1B1AEA5A1C59DA0B00B7510C /* Info.plist */,
			);
			path = sampleTextView;
			sourceTree = "<group>";
		};
		1B1AEA621C59DA0C00B7510C /* sampleTextViewTests */ = {
			isa = PBXGroup;
			children = (
				1B1AEA631C59DA0C00B7510C /* sampleTextViewTests.swift */,
				1B1AEA651C59DA0C00B7510C /* Info.plist */,
			);
			path = sampleTextViewTests;
			sourceTree = "<group>";
		};
		1B1AEA6D1C59DA0C00B7510C /* sampleTextViewUITests */ = {
			isa = PBXGroup;
			children = (
				1B1AEA6E1C59DA0C00B7510C /* sampleTextViewUITests.swift */,
				1B1AEA701C59DA0C00B7510C /* Info.plist */,
			);
			path = sampleTextViewUITests;
			sourceTree = "<group>";
		};
/* End PBXGroup section */

/* Begin PBXNativeTarget section */
		1B1AEA4A1C59DA0B00B7510C /* sampleTextView */ = {
			isa = PBXNativeTarget;
			buildConfigurationList = 1B1AEA731C59DA0C00B7510C /* Build configuration list for PBXNativeTarget "sampleTextView" */;
			buildPhases = (
				1B1AEA471C59DA0B00B7510C /* Sources */,
				1B1AEA481C59DA0B00B7510C /* Frameworks */,
				1B1AEA491C59DA0B00B7510C /* Resources */,
			);
			buildRules = (
			);
			dependencies = (
			);
			name = sampleTextView;
			productName = sampleTextView;
			productReference = 1B1AEA4B1C59DA0B00B7510C /* sampleTextView.app */;
			productType = "com.apple.product-type.application";
		};
		1B1AEA5E1C59DA0B00B7510C /* sampleTextViewTests */ = {
			isa = PBXNativeTarget;
			buildConfigurationList = 1B1AEA761C59DA0C00B7510C /* Build configuration list for PBXNativeTarget "sampleTextViewTests" */;
			buildPhases = (
				1B1AEA5B1C59DA0B00B7510C /* Sources */,
				1B1AEA5C1C59DA0B00B7510C /* Frameworks */,
				1B1AEA5D1C59DA0B00B7510C /* Resources */,
			);
			buildRules = (
			);
			dependencies = (
				1B1AEA611C59DA0C00B7510C /* PBXTargetDependency */,
			);
			name = sampleTextViewTests;
			productName = sampleTextViewTests;
			productReference = 1B1AEA5F1C59DA0B00B7510C /* sampleTextViewTests.xctest */;
			productType = "com.apple.product-type.bundle.unit-test";
		};
		1B1AEA691C59DA0C00B7510C /* sampleTextViewUITests */ = {
			isa = PBXNativeTarget;
			buildConfigurationList = 1B1AEA791C59DA0C00B7510C /* Build configuration list for PBXNativeTarget "sampleTextViewUITests" */;
			buildPhases = (
				1B1AEA661C59DA0C00B7510C /* Sources */,
				1B1AEA671C59DA0C00B7510C /* Frameworks */,
				1B1AEA681C59DA0C00B7510C /* Resources */,
			);
			buildRules = (
			);
			dependencies = (
				1B1AEA6C1C59DA0C00B7510C /* PBXTargetDependency */,
			);
			name = sampleTextViewUITests;
			productName = sampleTextViewUITests;
			productReference = 1B1AEA6A1C59DA0C00B7510C /* sampleTextViewUITests.xctest */;
			productType = "com.apple.product-type.bundle.ui-testing";
		};
/* End PBXNativeTarget section */

/* Begin PBXProject section */
		1B1AEA431C59DA0B00B7510C /* Project object */ = {
			isa = PBXProject;
			attributes = {
				LastSwiftUpdateCheck = 0720;
				LastUpgradeCheck = 0720;
				ORGANIZATIONNAME = "Eriko Ichinohe";
				TargetAttributes = {
					1B1AEA4A1C59DA0B00B7510C = {
						CreatedOnToolsVersion = 7.2;
						LastSwiftMigration = 0800;
					};
					1B1AEA5E1C59DA0B00B7510C = {
						CreatedOnToolsVersion = 7.2;
						LastSwiftMigration = 0800;
						TestTargetID = 1B1AEA4A1C59DA0B00B7510C;
					};
					1B1AEA691C59DA0C00B7510C = {
						CreatedOnToolsVersion = 7.2;
						LastSwiftMigration = 0800;
						TestTargetID = 1B1AEA4A1C59DA0B00B7510C;
					};
				};
			};
			buildConfigurationList = 1B1AEA461C59DA0B00B7510C /* Build configuration list for PBXProject "sampleTextView" */;
			compatibilityVersion = "Xcode 3.2";
			developmentRegion = English;
			hasScannedForEncodings = 0;
			knownRegions = (
				en,
				Base,
			);
			mainGroup = 1B1AEA421C59DA0B00B7510C;
			productRefGroup = 1B1AEA4C1C59DA0B00B7510C /* Products */;
			projectDirPath = "";
			projectRoot = "";
			targets = (
				1B1AEA4A1C59DA0B00B7510C /* sampleTextView */,
				1B1AEA5E1C59DA0B00B7510C /* sampleTextViewTests */,
				1B1AEA691C59DA0C00B7510C /* sampleTextViewUITests */,
			);
		};
/* End PBXProject section */

/* Begin PBXResourcesBuildPhase section */
		1B1AEA491C59DA0B00B7510C /* Resources */ = {
			isa = PBXResourcesBuildPhase;
			buildActionMask = 2147483647;
			files = (
				1B1AEA591C59DA0B00B7510C /* LaunchScreen.storyboard in Resources */,
				1B1AEA561C59DA0B00B7510C /* Assets.xcassets in Resources */,
				1B1AEA541C59DA0B00B7510C /* Main.storyboard in Resources */,
			);
			runOnlyForDeploymentPostprocessing = 0;
		};
		1B1AEA5D1C59DA0B00B7510C /* Resources */ = {
			isa = PBXResourcesBuildPhase;
			buildActionMask = 2147483647;
			files = (
			);
			runOnlyForDeploymentPostprocessing = 0;
		};
		1B1AEA681C59DA0C00B7510C /* Resources */ = {
			isa = PBXResourcesBuildPhase;
			buildActionMask = 2147483647;
			files = (
			);
			runOnlyForDeploymentPostprocessing = 0;
		};
/* End PBXResourcesBuildPhase section */

/* Begin PBXSourcesBuildPhase section */
		1B1AEA471C59DA0B00B7510C /* Sources */ = {
			isa = PBXSourcesBuildPhase;
			buildActionMask = 2147483647;
			files = (
				1B1AEA511C59DA0B00B7510C /* ViewController.swift in Sources */,
				1B1AEA4F1C59DA0B00B7510C /* AppDelegate.swift in Sources */,
			);
			runOnlyForDeploymentPostprocessing = 0;
		};
		1B1AEA5B1C59DA0B00B7510C /* Sources */ = {
			isa = PBXSourcesBuildPhase;
			buildActionMask = 2147483647;
			files = (
				1B1AEA641C59DA0C00B7510C /* sampleTextViewTests.swift in Sources */,
			);
			runOnlyForDeploymentPostprocessing = 0;
		};
		1B1AEA661C59DA0C00B7510C /* Sources */ = {
			isa = PBXSourcesBuildPhase;
			buildActionMask = 2147483647;
			files = (
				1B1AEA6F1C59DA0C00B7510C /* sampleTextViewUITests.swift in Sources */,
			);
			runOnlyForDeploymentPostprocessing = 0;
		};
/* End PBXSourcesBuildPhase section */

/* Begin PBXTargetDependency section */
		1B1AEA611C59DA0C00B7510C /* PBXTargetDependency */ = {
			isa = PBXTargetDependency;
			target = 1B1AEA4A1C59DA0B00B7510C /* sampleTextView */;
			targetProxy = 1B1AEA601C59DA0C00B7510C /* PBXContainerItemProxy */;
		};
		1B1AEA6C1C59DA0C00B7510C /* PBXTargetDependency */ = {
			isa = PBXTargetDependency;
			target = 1B1AEA4A1C59DA0B00B7510C /* sampleTextView */;
			targetProxy = 1B1AEA6B1C59DA0C00B7510C /* PBXContainerItemProxy */;
		};
/* End PBXTargetDependency section */

/* Begin PBXVariantGroup section */
		1B1AEA521C59DA0B00B7510C /* Main.storyboard */ = {
			isa = PBXVariantGroup;
			children = (
				1B1AEA531C59DA0B00B7510C /* Base */,
			);
			name = Main.storyboard;
			sourceTree = "<group>";
		};
		1B1AEA571C59DA0B00B7510C /* LaunchScreen.storyboard */ = {
			isa = PBXVariantGroup;
			children = (
				1B1AEA581C59DA0B00B7510C /* Base */,
			);
			name = LaunchScreen.storyboard;
			sourceTree = "<group>";
		};
/* End PBXVariantGroup section */

/* Begin XCBuildConfiguration section */
		1B1AEA711C59DA0C00B7510C /* Debug */ = {
			isa = XCBuildConfiguration;
			buildSettings = {
				ALWAYS_SEARCH_USER_PATHS = NO;
				CLANG_CXX_LANGUAGE_STANDARD = "gnu++0x";
				CLANG_CXX_LIBRARY = "libc++";
				CLANG_ENABLE_MODULES = YES;
				CLANG_ENABLE_OBJC_ARC = YES;
				CLANG_WARN_BOOL_CONVERSION = YES;
				CLANG_WARN_CONSTANT_CONVERSION = YES;
				CLANG_WARN_DIRECT_OBJC_ISA_USAGE = YES_ERROR;
				CLANG_WARN_EMPTY_BODY = YES;
				CLANG_WARN_ENUM_CONVERSION = YES;
				CLANG_WARN_INT_CONVERSION = YES;
				CLANG_WARN_OBJC_ROOT_CLASS = YES_ERROR;
				CLANG_WARN_UNREACHABLE_CODE = YES;
				CLANG_WARN__DUPLICATE_METHOD_MATCH = YES;
				"CODE_SIGN_IDENTITY[sdk=iphoneos*]" = "iPhone Developer";
				COPY_PHASE_STRIP = NO;
				DEBUG_INFORMATION_FORMAT = dwarf;
				ENABLE_STRICT_OBJC_MSGSEND = YES;
				ENABLE_TESTABILITY = YES;
				GCC_C_LANGUAGE_STANDARD = gnu99;
				GCC_DYNAMIC_NO_PIC = NO;
				GCC_NO_COMMON_BLOCKS = YES;
				GCC_OPTIMIZATION_LEVEL = 0;
				GCC_PREPROCESSOR_DEFINITIONS = (
					"DEBUG=1",
					"$(inherited)",
				);
				GCC_WARN_64_TO_32_BIT_CONVERSION = YES;
				GCC_WARN_ABOUT_RETURN_TYPE = YES_ERROR;
				GCC_WARN_UNDECLARED_SELECTOR = YES;
				GCC_WARN_UNINITIALIZED_AUTOS = YES_AGGRESSIVE;
				GCC_WARN_UNUSED_FUNCTION = YES;
				GCC_WARN_UNUSED_VARIABLE = YES;
				IPHONEOS_DEPLOYMENT_TARGET = 9.2;
				MTL_ENABLE_DEBUG_INFO = YES;
				ONLY_ACTIVE_ARCH = YES;
				SDKROOT = iphoneos;
				SWIFT_OPTIMIZATION_LEVEL = "-Onone";
			};
			name = Debug;
		};
		1B1AEA721C59DA0C00B7510C /* Release */ = {
			isa = XCBuildConfiguration;
			buildSettings = {
				ALWAYS_SEARCH_USER_PATHS = NO;
				CLANG_CXX_LANGUAGE_STANDARD = "gnu++0x";
				CLANG_CXX_LIBRARY = "libc++";
				CLANG_ENABLE_MODULES = YES;
				CLANG_ENABLE_OBJC_ARC = YES;
				CLANG_WARN_BOOL_CONVERSION = YES;
				CLANG_WARN_CONSTANT_CONVERSION = YES;
				CLANG_WARN_DIRECT_OBJC_ISA_USAGE = YES_ERROR;
				CLANG_WARN_EMPTY_BODY = YES;
				CLANG_WARN_ENUM_CONVERSION = YES;
				CLANG_WARN_INT_CONVERSION = YES;
				CLANG_WARN_OBJC_ROOT_CLASS = YES_ERROR;
				CLANG_WARN_UNREACHABLE_CODE = YES;
				CLANG_WARN__DUPLICATE_METHOD_MATCH = YES;
				"CODE_SIGN_IDENTITY[sdk=iphoneos*]" = "iPhone Developer";
				COPY_PHASE_STRIP = NO;
				DEBUG_INFORMATION_FORMAT = "dwarf-with-dsym";
				ENABLE_NS_ASSERTIONS = NO;
				ENABLE_STRICT_OBJC_MSGSEND = YES;
				GCC_C_LANGUAGE_STANDARD = gnu99;
				GCC_NO_COMMON_BLOCKS = YES;
				GCC_WARN_64_TO_32_BIT_CONVERSION = YES;
				GCC_WARN_ABOUT_RETURN_TYPE = YES_ERROR;
				GCC_WARN_UNDECLARED_SELECTOR = YES;
				GCC_WARN_UNINITIALIZED_AUTOS = YES_AGGRESSIVE;
				GCC_WARN_UNUSED_FUNCTION = YES;
				GCC_WARN_UNUSED_VARIABLE = YES;
				IPHONEOS_DEPLOYMENT_TARGET = 9.2;
				MTL_ENABLE_DEBUG_INFO = NO;
				SDKROOT = iphoneos;
				VALIDATE_PRODUCT = YES;
			};
			name = Release;
		};
		1B1AEA741C59DA0C00B7510C /* Debug */ = {
			isa = XCBuildConfiguration;
			buildSettings = {
				ASSETCATALOG_COMPILER_APPICON_NAME = AppIcon;
				INFOPLIST_FILE = sampleTextView/Info.plist;
				LD_RUNPATH_SEARCH_PATHS = "$(inherited) @executable_path/Frameworks";
				PRODUCT_BUNDLE_IDENTIFIER = com.erikoichinohe.sampleTextView;
				PRODUCT_NAME = "$(TARGET_NAME)";
				SWIFT_VERSION = 3.0;
			};
			name = Debug;
		};
		1B1AEA751C59DA0C00B7510C /* Release */ = {
			isa = XCBuildConfiguration;
			buildSettings = {
				ASSETCATALOG_COMPILER_APPICON_NAME = AppIcon;
				INFOPLIST_FILE = sampleTextView/Info.plist;
				LD_RUNPATH_SEARCH_PATHS = "$(inherited) @executable_path/Frameworks";
				PRODUCT_BUNDLE_IDENTIFIER = com.erikoichinohe.sampleTextView;
				PRODUCT_NAME = "$(TARGET_NAME)";
				SWIFT_VERSION = 3.0;
			};
			name = Release;
		};
		1B1AEA771C59DA0C00B7510C /* Debug */ = {
			isa = XCBuildConfiguration;
			buildSettings = {
				BUNDLE_LOADER = "$(TEST_HOST)";
				INFOPLIST_FILE = sampleTextViewTests/Info.plist;
				LD_RUNPATH_SEARCH_PATHS = "$(inherited) @executable_path/Frameworks @loader_path/Frameworks";
				PRODUCT_BUNDLE_IDENTIFIER = com.erikoichinohe.sampleTextViewTests;
				PRODUCT_NAME = "$(TARGET_NAME)";
				SWIFT_VERSION = 3.0;
				TEST_HOST = "$(BUILT_PRODUCTS_DIR)/sampleTextView.app/sampleTextView";
			};
			name = Debug;
		};
		1B1AEA781C59DA0C00B7510C /* Release */ = {
			isa = XCBuildConfiguration;
			buildSettings = {
				BUNDLE_LOADER = "$(TEST_HOST)";
				INFOPLIST_FILE = sampleTextViewTests/Info.plist;
				LD_RUNPATH_SEARCH_PATHS = "$(inherited) @executable_path/Frameworks @loader_path/Frameworks";
				PRODUCT_BUNDLE_IDENTIFIER = com.erikoichinohe.sampleTextViewTests;
				PRODUCT_NAME = "$(TARGET_NAME)";
				SWIFT_VERSION = 3.0;
				TEST_HOST = "$(BUILT_PRODUCTS_DIR)/sampleTextView.app/sampleTextView";
			};
			name = Release;
		};
		1B1AEA7A1C59DA0C00B7510C /* Debug */ = {
			isa = XCBuildConfiguration;
			buildSettings = {
				INFOPLIST_FILE = sampleTextViewUITests/Info.plist;
				LD_RUNPATH_SEARCH_PATHS = "$(inherited) @executable_path/Frameworks @loader_path/Frameworks";
				PRODUCT_BUNDLE_IDENTIFIER = com.erikoichinohe.sampleTextViewUITests;
				PRODUCT_NAME = "$(TARGET_NAME)";
				SWIFT_VERSION = 3.0;
				TEST_TARGET_NAME = sampleTextView;
				USES_XCTRUNNER = YES;
			};
			name = Debug;
		};
		1B1AEA7B1C59DA0C00B7510C /* Release */ = {
			isa = XCBuildConfiguration;
			buildSettings = {
				INFOPLIST_FILE = sampleTextViewUITests/Info.plist;
				LD_RUNPATH_SEARCH_PATHS = "$(inherited) @executable_path/Frameworks @loader_path/Frameworks";
				PRODUCT_BUNDLE_IDENTIFIER = com.erikoichinohe.sampleTextViewUITests;
				PRODUCT_NAME = "$(TARGET_NAME)";
				SWIFT_VERSION = 3.0;
				TEST_TARGET_NAME = sampleTextView;
				USES_XCTRUNNER = YES;
			};
			name = Release;
		};
/* End XCBuildConfiguration section */

/* Begin XCConfigurationList section */
		1B1AEA461C59DA0B00B7510C /* Build configuration list for PBXProject "sampleTextView" */ = {
			isa = XCConfigurationList;
			buildConfigurations = (
				1B1AEA711C59DA0C00B7510C /* Debug */,
				1B1AEA721C59DA0C00B7510C /* Release */,
			);
			defaultConfigurationIsVisible = 0;
			defaultConfigurationName = Release;
		};
		1B1AEA731C59DA0C00B7510C /* Build configuration list for PBXNativeTarget "sampleTextView" */ = {
			isa = XCConfigurationList;
			buildConfigurations = (
				1B1AEA741C59DA0C00B7510C /* Debug */,
				1B1AEA751C59DA0C00B7510C /* Release */,
			);
			defaultConfigurationIsVisible = 0;
			defaultConfigurationName = Release;
		};
		1B1AEA761C59DA0C00B7510C /* Build configuration list for PBXNativeTarget "sampleTextViewTests" */ = {
			isa = XCConfigurationList;
			buildConfigurations = (
				1B1AEA771C59DA0C00B7510C /* Debug */,
				1B1AEA781C59DA0C00B7510C /* Release */,
			);
			defaultConfigurationIsVisible = 0;
			defaultConfigurationName = Release;
		};
		1B1AEA791C59DA0C00B7510C /* Build configuration list for PBXNativeTarget "sampleTextViewUITests" */ = {
			isa = XCConfigurationList;
			buildConfigurations = (
				1B1AEA7A1C59DA0C00B7510C /* Debug */,
				1B1AEA7B1C59DA0C00B7510C /* Release */,
			);
			defaultConfigurationIsVisible = 0;
			defaultConfigurationName = Release;
		};
/* End XCConfigurationList section */
	};
	rootObject = 1B1AEA431C59DA0B00B7510C /* Project object */;
}
